
Microsoft Visual Studio Solution File, Format Version 12.00
# Visual Studio Version 16
VisualStudioVersion = 16.0.29806.167
MinimumVisualStudioVersion = 10.0.40219.1
Project("{2150E333-8FDC-42A3-9474-1A3956D46DE8}") = "src", "src", "{FDC6C54C-4EAD-4F7A-BEEF-2C0B2BF29FCD}"
EndProject
Project("{2150E333-8FDC-42A3-9474-1A3956D46DE8}") = "test", "test", "{C8502816-257A-4FB3-A972-E31086FF5684}"
EndProject
Project("{FAE04EC0-301F-11D3-BF4B-00C04F79EFBC}") = "E-commercePIM", "E-commercePIM\E-commercePIM.csproj", "{BD928A30-D8DC-454B-95DE-1C29B4D4B218}"
EndProject
Project("{FAE04EC0-301F-11D3-BF4B-00C04F79EFBC}") = "E-commercePIM.Tests", "src\E-commercePIM.Tests\E-commercePIM.Tests.csproj", "{B3F82CBB-86EC-4D81-BB5F-9A493A05F434}"
EndProject
Project("{FAE04EC0-301F-11D3-BF4B-00C04F79EFBC}") = "E-commerce.Library", "E-commerce.Library\E-commerce.Library.csproj", "{901099D7-225E-4B3C-B0B0-E2C9C2D9E434}"
EndProject
Project("{FAE04EC0-301F-11D3-BF4B-00C04F79EFBC}") = "E-commerce.Data", "E-commerce.Data\E-commerce.Data.csproj", "{C9081750-811D-46F6-BC70-AEEB2B055FB8}"
EndProject
Project("{FAE04EC0-301F-11D3-BF4B-00C04F79EFBC}") = "E-commercePIM.IntegrationTests", "E-commercePIM.IntegrationTests\E-commercePIM.IntegrationTests.csproj", "{21AA23F7-BADE-4C30-9581-914D9E710FCB}"
EndProject
Global
	GlobalSection(SolutionConfigurationPlatforms) = preSolution
		Debug|Any CPU = Debug|Any CPU
		Release|Any CPU = Release|Any CPU
	EndGlobalSection
	GlobalSection(ProjectConfigurationPlatforms) = postSolution
		{BD928A30-D8DC-454B-95DE-1C29B4D4B218}.Debug|Any CPU.ActiveCfg = Debug|Any CPU
		{BD928A30-D8DC-454B-95DE-1C29B4D4B218}.Debug|Any CPU.Build.0 = Debug|Any CPU
		{BD928A30-D8DC-454B-95DE-1C29B4D4B218}.Release|Any CPU.ActiveCfg = Release|Any CPU
		{BD928A30-D8DC-454B-95DE-1C29B4D4B218}.Release|Any CPU.Build.0 = Release|Any CPU
		{B3F82CBB-86EC-4D81-BB5F-9A493A05F434}.Debug|Any CPU.ActiveCfg = Debug|Any CPU
		{B3F82CBB-86EC-4D81-BB5F-9A493A05F434}.Debug|Any CPU.Build.0 = Debug|Any CPU
		{B3F82CBB-86EC-4D81-BB5F-9A493A05F434}.Release|Any CPU.ActiveCfg = Release|Any CPU
		{B3F82CBB-86EC-4D81-BB5F-9A493A05F434}.Release|Any CPU.Build.0 = Release|Any CPU
		{901099D7-225E-4B3C-B0B0-E2C9C2D9E434}.Debug|Any CPU.ActiveCfg = Debug|Any CPU
		{901099D7-225E-4B3C-B0B0-E2C9C2D9E434}.Debug|Any CPU.Build.0 = Debug|Any CPU
		{901099D7-225E-4B3C-B0B0-E2C9C2D9E434}.Release|Any CPU.ActiveCfg = Release|Any CPU
		{901099D7-225E-4B3C-B0B0-E2C9C2D9E434}.Release|Any CPU.Build.0 = Release|Any CPU
		{C9081750-811D-46F6-BC70-AEEB2B055FB8}.Debug|Any CPU.ActiveCfg = Debug|Any CPU
		{C9081750-811D-46F6-BC70-AEEB2B055FB8}.Debug|Any CPU.Build.0 = Debug|Any CPU
		{C9081750-811D-46F6-BC70-AEEB2B055FB8}.Release|Any CPU.ActiveCfg = Release|Any CPU
		{C9081750-811D-46F6-BC70-AEEB2B055FB8}.Release|Any CPU.Build.0 = Release|Any CPU
		{21AA23F7-BADE-4C30-9581-914D9E710FCB}.Debug|Any CPU.ActiveCfg = Debug|Any CPU
		{21AA23F7-BADE-4C30-9581-914D9E710FCB}.Debug|Any CPU.Build.0 = Debug|Any CPU
		{21AA23F7-BADE-4C30-9581-914D9E710FCB}.Release|Any CPU.ActiveCfg = Release|Any CPU
		{21AA23F7-BADE-4C30-9581-914D9E710FCB}.Release|Any CPU.Build.0 = Release|Any CPU
	EndGlobalSection
	GlobalSection(SolutionProperties) = preSolution
		HideSolutionNode = FALSE
	EndGlobalSection
	GlobalSection(NestedProjects) = preSolution
		{BD928A30-D8DC-454B-95DE-1C29B4D4B218} = {FDC6C54C-4EAD-4F7A-BEEF-2C0B2BF29FCD}
		{B3F82CBB-86EC-4D81-BB5F-9A493A05F434} = {C8502816-257A-4FB3-A972-E31086FF5684}
		{901099D7-225E-4B3C-B0B0-E2C9C2D9E434} = {FDC6C54C-4EAD-4F7A-BEEF-2C0B2BF29FCD}
		{C9081750-811D-46F6-BC70-AEEB2B055FB8} = {FDC6C54C-4EAD-4F7A-BEEF-2C0B2BF29FCD}
		{21AA23F7-BADE-4C30-9581-914D9E710FCB} = {C8502816-257A-4FB3-A972-E31086FF5684}
	EndGlobalSection
	GlobalSection(ExtensibilityGlobals) = postSolution
		SolutionGuid = {FF5AACF6-05D7-43E6-BDED-B93B412BAE89}
	EndGlobalSection
EndGlobal
